
Microsoft Visual Studio Solution File, Format Version 12.00
# Visual Studio Version 17
VisualStudioVersion = 17.2.32505.173
MinimumVisualStudioVersion = 10.0.40219.1
Project("{8BC9CEB8-8B4A-11D0-8D11-00A0C91BC942}") = "Number of gauessing program using WHILE LOOP and Boolean datatype", "Number of gauessing program using WHILE LOOP and Boolean datatype.vcxproj", "{20DE71CF-61B7-47EF-A271-6EE5BF4DE976}"
EndProject
Global
	GlobalSection(SolutionConfigurationPlatforms) = preSolution
		Debug|x64 = Debug|x64
		Debug|x86 = Debug|x86
		Release|x64 = Release|x64
		Release|x86 = Release|x86
	EndGlobalSection
	GlobalSection(ProjectConfigurationPlatforms) = postSolution
		{20DE71CF-61B7-47EF-A271-6EE5BF4DE976}.Debug|x64.ActiveCfg = Debug|x64
		{20DE71CF-61B7-47EF-A271-6EE5BF4DE976}.Debug|x64.Build.0 = Debug|x64
		{20DE71CF-61B7-47EF-A271-6EE5BF4DE976}.Debug|x86.ActiveCfg = Debug|Win32
		{20DE71CF-61B7-47EF-A271-6EE5BF4DE976}.Debug|x86.Build.0 = Debug|Win32
		{20DE71CF-61B7-47EF-A271-6EE5BF4DE976}.Release|x64.ActiveCfg = Release|x64
		{20DE71CF-61B7-47EF-A271-6EE5BF4DE976}.Release|x64.Build.0 = Release|x64
		{20DE71CF-61B7-47EF-A271-6EE5BF4DE976}.Release|x86.ActiveCfg = Release|Win32
		{20DE71CF-61B7-47EF-A271-6EE5BF4DE976}.Release|x86.Build.0 = Release|Win32
	EndGlobalSection
	GlobalSection(SolutionProperties) = preSolution
		HideSolutionNode = FALSE
	EndGlobalSection
	GlobalSection(ExtensibilityGlobals) = postSolution
		SolutionGuid = {01D8C5A8-247C-4187-BD73-F04E17596AFE}
	EndGlobalSection
EndGlobal
